// !$*UTF8*$!
{
	archiveVersion = 1;
	classes = {
	};
	objectVersion = 55;
	objects = {

/* Begin PBXBuildFile section */
		600A080928FE202D00FE5C6B /* AnytimeApp.swift in Sources */ = {isa = PBXBuildFile; fileRef = 600A07F928FE202B00FE5C6B /* AnytimeApp.swift */; };
		600A080A28FE202D00FE5C6B /* AnytimeApp.swift in Sources */ = {isa = PBXBuildFile; fileRef = 600A07F928FE202B00FE5C6B /* AnytimeApp.swift */; };
		600A080B28FE202D00FE5C6B /* ContactView.swift in Sources */ = {isa = PBXBuildFile; fileRef = 600A07FA28FE202B00FE5C6B /* ContactView.swift */; };
		600A080C28FE202D00FE5C6B /* ContactView.swift in Sources */ = {isa = PBXBuildFile; fileRef = 600A07FA28FE202B00FE5C6B /* ContactView.swift */; };
		600A080D28FE202D00FE5C6B /* Assets.xcassets in Resources */ = {isa = PBXBuildFile; fileRef = 600A07FB28FE202D00FE5C6B /* Assets.xcassets */; };
		600A080E28FE202D00FE5C6B /* Assets.xcassets in Resources */ = {isa = PBXBuildFile; fileRef = 600A07FB28FE202D00FE5C6B /* Assets.xcassets */; };
		600A081828FF6C4F00FE5C6B /* ATTabBar.swift in Sources */ = {isa = PBXBuildFile; fileRef = 600A081728FF6C4F00FE5C6B /* ATTabBar.swift */; };
		600A081928FF6C4F00FE5C6B /* ATTabBar.swift in Sources */ = {isa = PBXBuildFile; fileRef = 600A081728FF6C4F00FE5C6B /* ATTabBar.swift */; };
		600A081B28FF714600FE5C6B /* RootView.swift in Sources */ = {isa = PBXBuildFile; fileRef = 600A081A28FF714600FE5C6B /* RootView.swift */; };
		600A081C28FF714600FE5C6B /* RootView.swift in Sources */ = {isa = PBXBuildFile; fileRef = 600A081A28FF714600FE5C6B /* RootView.swift */; };
		600A081E28FF7B2D00FE5C6B /* AddView.swift in Sources */ = {isa = PBXBuildFile; fileRef = 600A081D28FF7B2D00FE5C6B /* AddView.swift */; };
		600A081F28FF7B2D00FE5C6B /* AddView.swift in Sources */ = {isa = PBXBuildFile; fileRef = 600A081D28FF7B2D00FE5C6B /* AddView.swift */; };
		600A082128FFCDE500FE5C6B /* ATTabButton.swift in Sources */ = {isa = PBXBuildFile; fileRef = 600A082028FFCDE500FE5C6B /* ATTabButton.swift */; };
		600A082228FFCDE500FE5C6B /* ATTabButton.swift in Sources */ = {isa = PBXBuildFile; fileRef = 600A082028FFCDE500FE5C6B /* ATTabButton.swift */; };
		600A082528FFDBF400FE5C6B /* PicView.swift in Sources */ = {isa = PBXBuildFile; fileRef = 600A082428FFDBF400FE5C6B /* PicView.swift */; };
		600A082628FFDBF400FE5C6B /* PicView.swift in Sources */ = {isa = PBXBuildFile; fileRef = 600A082428FFDBF400FE5C6B /* PicView.swift */; };
		600B4D06291EBA7200E00C08 /* LoadView.swift in Sources */ = {isa = PBXBuildFile; fileRef = 600B4D05291EBA7100E00C08 /* LoadView.swift */; };
		600B4D082932F8A000E00C08 /* PostModel.swift in Sources */ = {isa = PBXBuildFile; fileRef = 600B4D072932F8A000E00C08 /* PostModel.swift */; };
		600B4D0A29350A3F00E00C08 /* AddPostView.swift in Sources */ = {isa = PBXBuildFile; fileRef = 600B4D0929350A3F00E00C08 /* AddPostView.swift */; };
		602EFF0029066E760072DC19 /* GoogleService-Info.plist in Resources */ = {isa = PBXBuildFile; fileRef = 602EFEFF29066E760072DC19 /* GoogleService-Info.plist */; };
		602EFF0129066E760072DC19 /* GoogleService-Info.plist in Resources */ = {isa = PBXBuildFile; fileRef = 602EFEFF29066E760072DC19 /* GoogleService-Info.plist */; };
		60364B192904FE5A003C1078 /* GenericButton.swift in Sources */ = {isa = PBXBuildFile; fileRef = 60364B182904FE5A003C1078 /* GenericButton.swift */; };
		60364B1A2904FE5A003C1078 /* GenericButton.swift in Sources */ = {isa = PBXBuildFile; fileRef = 60364B182904FE5A003C1078 /* GenericButton.swift */; };
		60364B1F2905C081003C1078 /* ImagePickerView.swift in Sources */ = {isa = PBXBuildFile; fileRef = 60364B1E2905C081003C1078 /* ImagePickerView.swift */; };
		60364B202905C081003C1078 /* ImagePickerView.swift in Sources */ = {isa = PBXBuildFile; fileRef = 60364B1E2905C081003C1078 /* ImagePickerView.swift */; };
		60364B222905C093003C1078 /* ImagePickerController.swift in Sources */ = {isa = PBXBuildFile; fileRef = 60364B212905C093003C1078 /* ImagePickerController.swift */; };
		60364B232905C093003C1078 /* ImagePickerController.swift in Sources */ = {isa = PBXBuildFile; fileRef = 60364B212905C093003C1078 /* ImagePickerController.swift */; };
		605A37D2290148F6001D23EE /* AddContactButton.swift in Sources */ = {isa = PBXBuildFile; fileRef = 605A37D1290148F6001D23EE /* AddContactButton.swift */; };
		605A37D3290148F6001D23EE /* AddContactButton.swift in Sources */ = {isa = PBXBuildFile; fileRef = 605A37D1290148F6001D23EE /* AddContactButton.swift */; };
		605A37D529023374001D23EE /* Header.swift in Sources */ = {isa = PBXBuildFile; fileRef = 605A37D429023374001D23EE /* Header.swift */; };
		605A37D629023374001D23EE /* Header.swift in Sources */ = {isa = PBXBuildFile; fileRef = 605A37D429023374001D23EE /* Header.swift */; };
		605A37DB29027BE9001D23EE /* ScannerViewController.swift in Sources */ = {isa = PBXBuildFile; fileRef = 605A37DA29027BE9001D23EE /* ScannerViewController.swift */; };
		605A37DC29027BE9001D23EE /* ScannerViewController.swift in Sources */ = {isa = PBXBuildFile; fileRef = 605A37DA29027BE9001D23EE /* ScannerViewController.swift */; };
		605B26602939CE0000BA25C7 /* ConfirmView.swift in Sources */ = {isa = PBXBuildFile; fileRef = 605B265F2939CE0000BA25C7 /* ConfirmView.swift */; };
		6095C9FB2917129000F8C60A /* FirebaseAuth in Frameworks */ = {isa = PBXBuildFile; productRef = 6095C9FA2917129000F8C60A /* FirebaseAuth */; };
		6095C9FD2917129000F8C60A /* FirebaseFirestore in Frameworks */ = {isa = PBXBuildFile; productRef = 6095C9FC2917129000F8C60A /* FirebaseFirestore */; };
		6095C9FF2917129000F8C60A /* FirebaseStorage in Frameworks */ = {isa = PBXBuildFile; productRef = 6095C9FE2917129000F8C60A /* FirebaseStorage */; };
		6095CA0B29174D3300F8C60A /* LoginView.swift in Sources */ = {isa = PBXBuildFile; fileRef = 6095CA0A29174D3300F8C60A /* LoginView.swift */; };
		6095CA0E2917AD5900F8C60A /* LoginModel.swift in Sources */ = {isa = PBXBuildFile; fileRef = 6095CA0D2917AD5900F8C60A /* LoginModel.swift */; };
		6095CA102918642C00F8C60A /* VerificationView.swift in Sources */ = {isa = PBXBuildFile; fileRef = 6095CA0F2918642C00F8C60A /* VerificationView.swift */; };
		6095CA14291974A500F8C60A /* AlertView.swift in Sources */ = {isa = PBXBuildFile; fileRef = 6095CA13291974A500F8C60A /* AlertView.swift */; };
		6095CA172919757F00F8C60A /* SettingsView.swift in Sources */ = {isa = PBXBuildFile; fileRef = 6095CA162919757F00F8C60A /* SettingsView.swift */; };
		60C07F51291A1D1D00BCDC7B /* ContactModel.swift in Sources */ = {isa = PBXBuildFile; fileRef = 60C07F50291A1D1D00BCDC7B /* ContactModel.swift */; };
		60EEBD9F29391A3700A7379A /* SplashView.swift in Sources */ = {isa = PBXBuildFile; fileRef = 60EEBD9E29391A3700A7379A /* SplashView.swift */; };
		60F8E7382903111F00F991F1 /* ScannerView.swift in Sources */ = {isa = PBXBuildFile; fileRef = 60F8E7372903111F00F991F1 /* ScannerView.swift */; };
		60F8E7392903111F00F991F1 /* ScannerView.swift in Sources */ = {isa = PBXBuildFile; fileRef = 60F8E7372903111F00F991F1 /* ScannerView.swift */; };
/* End PBXBuildFile section */

/* Begin PBXFileReference section */
		600A07F928FE202B00FE5C6B /* AnytimeApp.swift */ = {isa = PBXFileReference; lastKnownFileType = sourcecode.swift; path = AnytimeApp.swift; sourceTree = "<group>"; };
		600A07FA28FE202B00FE5C6B /* ContactView.swift */ = {isa = PBXFileReference; lastKnownFileType = sourcecode.swift; path = ContactView.swift; sourceTree = "<group>"; };
		600A07FB28FE202D00FE5C6B /* Assets.xcassets */ = {isa = PBXFileReference; lastKnownFileType = folder.assetcatalog; path = Assets.xcassets; sourceTree = "<group>"; };
		600A080028FE202D00FE5C6B /* Anytime.app */ = {isa = PBXFileReference; explicitFileType = wrapper.application; includeInIndex = 0; path = Anytime.app; sourceTree = BUILT_PRODUCTS_DIR; };
		600A080628FE202D00FE5C6B /* Anytime.app */ = {isa = PBXFileReference; explicitFileType = wrapper.application; includeInIndex = 0; path = Anytime.app; sourceTree = BUILT_PRODUCTS_DIR; };
		600A080828FE202D00FE5C6B /* macOS.entitlements */ = {isa = PBXFileReference; lastKnownFileType = text.plist.entitlements; path = macOS.entitlements; sourceTree = "<group>"; };
		600A081728FF6C4F00FE5C6B /* ATTabBar.swift */ = {isa = PBXFileReference; lastKnownFileType = sourcecode.swift; path = ATTabBar.swift; sourceTree = "<group>"; };
		600A081A28FF714600FE5C6B /* RootView.swift */ = {isa = PBXFileReference; lastKnownFileType = sourcecode.swift; path = RootView.swift; sourceTree = "<group>"; };
		600A081D28FF7B2D00FE5C6B /* AddView.swift */ = {isa = PBXFileReference; lastKnownFileType = sourcecode.swift; path = AddView.swift; sourceTree = "<group>"; };
		600A082028FFCDE500FE5C6B /* ATTabButton.swift */ = {isa = PBXFileReference; lastKnownFileType = sourcecode.swift; path = ATTabButton.swift; sourceTree = "<group>"; };
		600A082428FFDBF400FE5C6B /* PicView.swift */ = {isa = PBXFileReference; lastKnownFileType = sourcecode.swift; path = PicView.swift; sourceTree = "<group>"; };
		600B4D05291EBA7100E00C08 /* LoadView.swift */ = {isa = PBXFileReference; lastKnownFileType = sourcecode.swift; path = LoadView.swift; sourceTree = "<group>"; };
		600B4D072932F8A000E00C08 /* PostModel.swift */ = {isa = PBXFileReference; lastKnownFileType = sourcecode.swift; path = PostModel.swift; sourceTree = "<group>"; };
		600B4D0929350A3F00E00C08 /* AddPostView.swift */ = {isa = PBXFileReference; lastKnownFileType = sourcecode.swift; path = AddPostView.swift; sourceTree = "<group>"; };
		602EFEFF29066E760072DC19 /* GoogleService-Info.plist */ = {isa = PBXFileReference; fileEncoding = 4; lastKnownFileType = text.plist.xml; path = "GoogleService-Info.plist"; sourceTree = "<group>"; };
		60364B182904FE5A003C1078 /* GenericButton.swift */ = {isa = PBXFileReference; lastKnownFileType = sourcecode.swift; path = GenericButton.swift; sourceTree = "<group>"; };
		60364B1E2905C081003C1078 /* ImagePickerView.swift */ = {isa = PBXFileReference; lastKnownFileType = sourcecode.swift; path = ImagePickerView.swift; sourceTree = "<group>"; };
		60364B212905C093003C1078 /* ImagePickerController.swift */ = {isa = PBXFileReference; lastKnownFileType = sourcecode.swift; path = ImagePickerController.swift; sourceTree = "<group>"; };
		605A37D1290148F6001D23EE /* AddContactButton.swift */ = {isa = PBXFileReference; lastKnownFileType = sourcecode.swift; path = AddContactButton.swift; sourceTree = "<group>"; };
		605A37D429023374001D23EE /* Header.swift */ = {isa = PBXFileReference; lastKnownFileType = sourcecode.swift; path = Header.swift; sourceTree = "<group>"; };
		605A37DA29027BE9001D23EE /* ScannerViewController.swift */ = {isa = PBXFileReference; lastKnownFileType = sourcecode.swift; path = ScannerViewController.swift; sourceTree = "<group>"; };
		605B265F2939CE0000BA25C7 /* ConfirmView.swift */ = {isa = PBXFileReference; lastKnownFileType = sourcecode.swift; path = ConfirmView.swift; sourceTree = "<group>"; };
		6095CA00291728B200F8C60A /* Anytime--iOS--Info.plist */ = {isa = PBXFileReference; lastKnownFileType = text.plist; path = "Anytime--iOS--Info.plist"; sourceTree = "<group>"; };
		6095CA0A29174D3300F8C60A /* LoginView.swift */ = {isa = PBXFileReference; lastKnownFileType = sourcecode.swift; path = LoginView.swift; sourceTree = "<group>"; };
		6095CA0D2917AD5900F8C60A /* LoginModel.swift */ = {isa = PBXFileReference; lastKnownFileType = sourcecode.swift; path = LoginModel.swift; sourceTree = "<group>"; };
		6095CA0F2918642C00F8C60A /* VerificationView.swift */ = {isa = PBXFileReference; lastKnownFileType = sourcecode.swift; path = VerificationView.swift; sourceTree = "<group>"; };
		6095CA13291974A500F8C60A /* AlertView.swift */ = {isa = PBXFileReference; lastKnownFileType = sourcecode.swift; path = AlertView.swift; sourceTree = "<group>"; };
		6095CA162919757F00F8C60A /* SettingsView.swift */ = {isa = PBXFileReference; lastKnownFileType = sourcecode.swift; path = SettingsView.swift; sourceTree = "<group>"; };
		60C07F50291A1D1D00BCDC7B /* ContactModel.swift */ = {isa = PBXFileReference; lastKnownFileType = sourcecode.swift; path = ContactModel.swift; sourceTree = "<group>"; };
		60EEBD9E29391A3700A7379A /* SplashView.swift */ = {isa = PBXFileReference; lastKnownFileType = sourcecode.swift; path = SplashView.swift; sourceTree = "<group>"; };
		60F8E7372903111F00F991F1 /* ScannerView.swift */ = {isa = PBXFileReference; lastKnownFileType = sourcecode.swift; path = ScannerView.swift; sourceTree = "<group>"; };
/* End PBXFileReference section */

/* Begin PBXFrameworksBuildPhase section */
		600A07FD28FE202D00FE5C6B /* Frameworks */ = {
			isa = PBXFrameworksBuildPhase;
			buildActionMask = 2147483647;
			files = (
				6095C9FB2917129000F8C60A /* FirebaseAuth in Frameworks */,
				6095C9FD2917129000F8C60A /* FirebaseFirestore in Frameworks */,
				6095C9FF2917129000F8C60A /* FirebaseStorage in Frameworks */,
			);
			runOnlyForDeploymentPostprocessing = 0;
		};
		600A080328FE202D00FE5C6B /* Frameworks */ = {
			isa = PBXFrameworksBuildPhase;
			buildActionMask = 2147483647;
			files = (
			);
			runOnlyForDeploymentPostprocessing = 0;
		};
/* End PBXFrameworksBuildPhase section */

/* Begin PBXGroup section */
		600A07F328FE202A00FE5C6B = {
			isa = PBXGroup;
			children = (
				6095CA00291728B200F8C60A /* Anytime--iOS--Info.plist */,
				600A07F828FE202B00FE5C6B /* Shared */,
				600A080728FE202D00FE5C6B /* macOS */,
				600A080128FE202D00FE5C6B /* Products */,
			);
			sourceTree = "<group>";
		};
		600A07F828FE202B00FE5C6B /* Shared */ = {
			isa = PBXGroup;
			children = (
				602EFEFF29066E760072DC19 /* GoogleService-Info.plist */,
				600A07F928FE202B00FE5C6B /* AnytimeApp.swift */,
				6095CA0C2917AD3300F8C60A /* Models */,
				6095CA0229174C2000F8C60A /* Views */,
				6095CA0129174C1A00F8C60A /* Controllers */,
				600A07FB28FE202D00FE5C6B /* Assets.xcassets */,
			);
			path = Shared;
			sourceTree = "<group>";
		};
		600A080128FE202D00FE5C6B /* Products */ = {
			isa = PBXGroup;
			children = (
				600A080028FE202D00FE5C6B /* Anytime.app */,
				600A080628FE202D00FE5C6B /* Anytime.app */,
			);
			name = Products;
			sourceTree = "<group>";
		};
		600A080728FE202D00FE5C6B /* macOS */ = {
			isa = PBXGroup;
			children = (
				600A080828FE202D00FE5C6B /* macOS.entitlements */,
			);
			path = macOS;
			sourceTree = "<group>";
		};
		600A082328FFD7BA00FE5C6B /* TabBar */ = {
			isa = PBXGroup;
			children = (
				600A081728FF6C4F00FE5C6B /* ATTabBar.swift */,
				600A082028FFCDE500FE5C6B /* ATTabButton.swift */,
			);
			path = TabBar;
			sourceTree = "<group>";
		};
		60364B1B2905C03C003C1078 /* Scanners */ = {
			isa = PBXGroup;
			children = (
				60F8E7372903111F00F991F1 /* ScannerView.swift */,
			);
			path = Scanners;
			sourceTree = "<group>";
		};
		60364B1C2905C056003C1078 /* ImagePicker */ = {
			isa = PBXGroup;
			children = (
				60364B1E2905C081003C1078 /* ImagePickerView.swift */,
			);
			path = ImagePicker;
			sourceTree = "<group>";
		};
		605A37D0290148D1001D23EE /* AddContact */ = {
			isa = PBXGroup;
			children = (
				600A081D28FF7B2D00FE5C6B /* AddView.swift */,
				605A37D1290148F6001D23EE /* AddContactButton.swift */,
			);
			path = AddContact;
			sourceTree = "<group>";
		};
		6095CA0129174C1A00F8C60A /* Controllers */ = {
			isa = PBXGroup;
			children = (
				60364B212905C093003C1078 /* ImagePickerController.swift */,
				605A37DA29027BE9001D23EE /* ScannerViewController.swift */,
			);
			path = Controllers;
			sourceTree = "<group>";
		};
		6095CA0229174C2000F8C60A /* Views */ = {
			isa = PBXGroup;
			children = (
				600A081A28FF714600FE5C6B /* RootView.swift */,
				605A37D429023374001D23EE /* Header.swift */,
				6095CA13291974A500F8C60A /* AlertView.swift */,
				600B4D05291EBA7100E00C08 /* LoadView.swift */,
				60364B182904FE5A003C1078 /* GenericButton.swift */,
				60EEBD9E29391A3700A7379A /* SplashView.swift */,
				605B265F2939CE0000BA25C7 /* ConfirmView.swift */,
				6095CA0529174CE000F8C60A /* Login */,
				6095CA15291974EF00F8C60A /* Settings */,
				605A37D0290148D1001D23EE /* AddContact */,
				6095CA0329174CAE00F8C60A /* Contact */,
				6095CA0429174CBA00F8C60A /* Feed */,
				60364B1C2905C056003C1078 /* ImagePicker */,
				60364B1B2905C03C003C1078 /* Scanners */,
				600A082328FFD7BA00FE5C6B /* TabBar */,
			);
			path = Views;
			sourceTree = "<group>";
		};
		6095CA0329174CAE00F8C60A /* Contact */ = {
			isa = PBXGroup;
			children = (
				600A07FA28FE202B00FE5C6B /* ContactView.swift */,
			);
			path = Contact;
			sourceTree = "<group>";
		};
		6095CA0429174CBA00F8C60A /* Feed */ = {
			isa = PBXGroup;
			children = (
				600A082428FFDBF400FE5C6B /* PicView.swift */,
				600B4D0929350A3F00E00C08 /* AddPostView.swift */,
			);
			path = Feed;
			sourceTree = "<group>";
		};
		6095CA0529174CE000F8C60A /* Login */ = {
			isa = PBXGroup;
			children = (
				6095CA0A29174D3300F8C60A /* LoginView.swift */,
				6095CA0F2918642C00F8C60A /* VerificationView.swift */,
			);
			path = Login;
			sourceTree = "<group>";
		};
		6095CA0C2917AD3300F8C60A /* Models */ = {
			isa = PBXGroup;
			children = (
				6095CA0D2917AD5900F8C60A /* LoginModel.swift */,
				60C07F50291A1D1D00BCDC7B /* ContactModel.swift */,
				600B4D072932F8A000E00C08 /* PostModel.swift */,
			);
			path = Models;
			sourceTree = "<group>";
		};
		6095CA15291974EF00F8C60A /* Settings */ = {
			isa = PBXGroup;
			children = (
				6095CA162919757F00F8C60A /* SettingsView.swift */,
			);
			path = Settings;
			sourceTree = "<group>";
		};
/* End PBXGroup section */

/* Begin PBXNativeTarget section */
		600A07FF28FE202D00FE5C6B /* Anytime (iOS) */ = {
			isa = PBXNativeTarget;
			buildConfigurationList = 600A081128FE202D00FE5C6B /* Build configuration list for PBXNativeTarget "Anytime (iOS)" */;
			buildPhases = (
				600A07FC28FE202D00FE5C6B /* Sources */,
				600A07FD28FE202D00FE5C6B /* Frameworks */,
				600A07FE28FE202D00FE5C6B /* Resources */,
			);
			buildRules = (
			);
			dependencies = (
			);
			name = "Anytime (iOS)";
			packageProductDependencies = (
				6095C9FA2917129000F8C60A /* FirebaseAuth */,
				6095C9FC2917129000F8C60A /* FirebaseFirestore */,
				6095C9FE2917129000F8C60A /* FirebaseStorage */,
			);
			productName = "Anytime (iOS)";
			productReference = 600A080028FE202D00FE5C6B /* Anytime.app */;
			productType = "com.apple.product-type.application";
		};
		600A080528FE202D00FE5C6B /* Anytime (macOS) */ = {
			isa = PBXNativeTarget;
			buildConfigurationList = 600A081428FE202D00FE5C6B /* Build configuration list for PBXNativeTarget "Anytime (macOS)" */;
			buildPhases = (
				600A080228FE202D00FE5C6B /* Sources */,
				600A080328FE202D00FE5C6B /* Frameworks */,
				600A080428FE202D00FE5C6B /* Resources */,
			);
			buildRules = (
			);
			dependencies = (
			);
			name = "Anytime (macOS)";
			productName = "Anytime (macOS)";
			productReference = 600A080628FE202D00FE5C6B /* Anytime.app */;
			productType = "com.apple.product-type.application";
		};
/* End PBXNativeTarget section */

/* Begin PBXProject section */
		600A07F428FE202A00FE5C6B /* Project object */ = {
			isa = PBXProject;
			attributes = {
				BuildIndependentTargetsInParallel = 1;
				LastSwiftUpdateCheck = 1340;
				LastUpgradeCheck = 1340;
				TargetAttributes = {
					600A07FF28FE202D00FE5C6B = {
						CreatedOnToolsVersion = 13.4.1;
					};
					600A080528FE202D00FE5C6B = {
						CreatedOnToolsVersion = 13.4.1;
					};
				};
			};
			buildConfigurationList = 600A07F728FE202A00FE5C6B /* Build configuration list for PBXProject "Anytime" */;
			compatibilityVersion = "Xcode 13.0";
			developmentRegion = en;
			hasScannedForEncodings = 0;
			knownRegions = (
				en,
				Base,
				"zh-Hant",
			);
			mainGroup = 600A07F328FE202A00FE5C6B;
			packageReferences = (
				6095C9F92917129000F8C60A /* XCRemoteSwiftPackageReference "firebase-ios-sdk" */,
			);
			productRefGroup = 600A080128FE202D00FE5C6B /* Products */;
			projectDirPath = "";
			projectRoot = "";
			targets = (
				600A07FF28FE202D00FE5C6B /* Anytime (iOS) */,
				600A080528FE202D00FE5C6B /* Anytime (macOS) */,
			);
		};
/* End PBXProject section */

/* Begin PBXResourcesBuildPhase section */
		600A07FE28FE202D00FE5C6B /* Resources */ = {
			isa = PBXResourcesBuildPhase;
			buildActionMask = 2147483647;
			files = (
				600A080D28FE202D00FE5C6B /* Assets.xcassets in Resources */,
				602EFF0029066E760072DC19 /* GoogleService-Info.plist in Resources */,
			);
			runOnlyForDeploymentPostprocessing = 0;
		};
		600A080428FE202D00FE5C6B /* Resources */ = {
			isa = PBXResourcesBuildPhase;
			buildActionMask = 2147483647;
			files = (
				600A080E28FE202D00FE5C6B /* Assets.xcassets in Resources */,
				602EFF0129066E760072DC19 /* GoogleService-Info.plist in Resources */,
			);
			runOnlyForDeploymentPostprocessing = 0;
		};
/* End PBXResourcesBuildPhase section */

/* Begin PBXSourcesBuildPhase section */
		600A07FC28FE202D00FE5C6B /* Sources */ = {
			isa = PBXSourcesBuildPhase;
			buildActionMask = 2147483647;
			files = (
				605A37DB29027BE9001D23EE /* ScannerViewController.swift in Sources */,
				600A081B28FF714600FE5C6B /* RootView.swift in Sources */,
				605A37D529023374001D23EE /* Header.swift in Sources */,
				6095CA0B29174D3300F8C60A /* LoginView.swift in Sources */,
				60364B192904FE5A003C1078 /* GenericButton.swift in Sources */,
				6095CA0E2917AD5900F8C60A /* LoginModel.swift in Sources */,
				600A080B28FE202D00FE5C6B /* ContactView.swift in Sources */,
				60364B222905C093003C1078 /* ImagePickerController.swift in Sources */,
				605A37D2290148F6001D23EE /* AddContactButton.swift in Sources */,
				600A081E28FF7B2D00FE5C6B /* AddView.swift in Sources */,
				600A080928FE202D00FE5C6B /* AnytimeApp.swift in Sources */,
				600B4D06291EBA7200E00C08 /* LoadView.swift in Sources */,
				6095CA14291974A500F8C60A /* AlertView.swift in Sources */,
				605B26602939CE0000BA25C7 /* ConfirmView.swift in Sources */,
				600A082128FFCDE500FE5C6B /* ATTabButton.swift in Sources */,
				6095CA102918642C00F8C60A /* VerificationView.swift in Sources */,
				60364B1F2905C081003C1078 /* ImagePickerView.swift in Sources */,
				600A082528FFDBF400FE5C6B /* PicView.swift in Sources */,
				60EEBD9F29391A3700A7379A /* SplashView.swift in Sources */,
				60F8E7382903111F00F991F1 /* ScannerView.swift in Sources */,
				600A081828FF6C4F00FE5C6B /* ATTabBar.swift in Sources */,
				600B4D0A29350A3F00E00C08 /* AddPostView.swift in Sources */,
				60C07F51291A1D1D00BCDC7B /* ContactModel.swift in Sources */,
				6095CA172919757F00F8C60A /* SettingsView.swift in Sources */,
				600B4D082932F8A000E00C08 /* PostModel.swift in Sources */,
			);
			runOnlyForDeploymentPostprocessing = 0;
		};
		600A080228FE202D00FE5C6B /* Sources */ = {
			isa = PBXSourcesBuildPhase;
			buildActionMask = 2147483647;
			files = (
				605A37DC29027BE9001D23EE /* ScannerViewController.swift in Sources */,
				600A081C28FF714600FE5C6B /* RootView.swift in Sources */,
				605A37D629023374001D23EE /* Header.swift in Sources */,
				60364B1A2904FE5A003C1078 /* GenericButton.swift in Sources */,
				600A080C28FE202D00FE5C6B /* ContactView.swift in Sources */,
				60364B232905C093003C1078 /* ImagePickerController.swift in Sources */,
				605A37D3290148F6001D23EE /* AddContactButton.swift in Sources */,
				600A081F28FF7B2D00FE5C6B /* AddView.swift in Sources */,
				600A080A28FE202D00FE5C6B /* AnytimeApp.swift in Sources */,
				600A082228FFCDE500FE5C6B /* ATTabButton.swift in Sources */,
				60364B202905C081003C1078 /* ImagePickerView.swift in Sources */,
				600A082628FFDBF400FE5C6B /* PicView.swift in Sources */,
				60F8E7392903111F00F991F1 /* ScannerView.swift in Sources */,
				600A081928FF6C4F00FE5C6B /* ATTabBar.swift in Sources */,
			);
			runOnlyForDeploymentPostprocessing = 0;
		};
/* End PBXSourcesBuildPhase section */

/* Begin XCBuildConfiguration section */
		600A080F28FE202D00FE5C6B /* Debug */ = {
			isa = XCBuildConfiguration;
			buildSettings = {
				ALWAYS_SEARCH_USER_PATHS = NO;
				CLANG_ANALYZER_NONNULL = YES;
				CLANG_ANALYZER_NUMBER_OBJECT_CONVERSION = YES_AGGRESSIVE;
				CLANG_CXX_LANGUAGE_STANDARD = "gnu++17";
				CLANG_ENABLE_MODULES = YES;
				CLANG_ENABLE_OBJC_ARC = YES;
				CLANG_ENABLE_OBJC_WEAK = YES;
				CLANG_WARN_BLOCK_CAPTURE_AUTORELEASING = YES;
				CLANG_WARN_BOOL_CONVERSION = YES;
				CLANG_WARN_COMMA = YES;
				CLANG_WARN_CONSTANT_CONVERSION = YES;
				CLANG_WARN_DEPRECATED_OBJC_IMPLEMENTATIONS = YES;
				CLANG_WARN_DIRECT_OBJC_ISA_USAGE = YES_ERROR;
				CLANG_WARN_DOCUMENTATION_COMMENTS = YES;
				CLANG_WARN_EMPTY_BODY = YES;
				CLANG_WARN_ENUM_CONVERSION = YES;
				CLANG_WARN_INFINITE_RECURSION = YES;
				CLANG_WARN_INT_CONVERSION = YES;
				CLANG_WARN_NON_LITERAL_NULL_CONVERSION = YES;
				CLANG_WARN_OBJC_IMPLICIT_RETAIN_SELF = YES;
				CLANG_WARN_OBJC_LITERAL_CONVERSION = YES;
				CLANG_WARN_OBJC_ROOT_CLASS = YES_ERROR;
				CLANG_WARN_QUOTED_INCLUDE_IN_FRAMEWORK_HEADER = YES;
				CLANG_WARN_RANGE_LOOP_ANALYSIS = YES;
				CLANG_WARN_STRICT_PROTOTYPES = YES;
				CLANG_WARN_SUSPICIOUS_MOVE = YES;
				CLANG_WARN_UNGUARDED_AVAILABILITY = YES_AGGRESSIVE;
				CLANG_WARN_UNREACHABLE_CODE = YES;
				CLANG_WARN__DUPLICATE_METHOD_MATCH = YES;
				COPY_PHASE_STRIP = NO;
				DEBUG_INFORMATION_FORMAT = dwarf;
				ENABLE_STRICT_OBJC_MSGSEND = YES;
				ENABLE_TESTABILITY = YES;
				GCC_C_LANGUAGE_STANDARD = gnu11;
				GCC_DYNAMIC_NO_PIC = NO;
				GCC_NO_COMMON_BLOCKS = YES;
				GCC_OPTIMIZATION_LEVEL = 0;
				GCC_PREPROCESSOR_DEFINITIONS = (
					"DEBUG=1",
					"$(inherited)",
				);
				GCC_WARN_64_TO_32_BIT_CONVERSION = YES;
				GCC_WARN_ABOUT_RETURN_TYPE = YES_ERROR;
				GCC_WARN_UNDECLARED_SELECTOR = YES;
				GCC_WARN_UNINITIALIZED_AUTOS = YES_AGGRESSIVE;
				GCC_WARN_UNUSED_FUNCTION = YES;
				GCC_WARN_UNUSED_VARIABLE = YES;
				MTL_ENABLE_DEBUG_INFO = INCLUDE_SOURCE;
				MTL_FAST_MATH = YES;
				ONLY_ACTIVE_ARCH = YES;
				SWIFT_ACTIVE_COMPILATION_CONDITIONS = DEBUG;
				SWIFT_OPTIMIZATION_LEVEL = "-Onone";
			};
			name = Debug;
		};
		600A081028FE202D00FE5C6B /* Release */ = {
			isa = XCBuildConfiguration;
			buildSettings = {
				ALWAYS_SEARCH_USER_PATHS = NO;
				CLANG_ANALYZER_NONNULL = YES;
				CLANG_ANALYZER_NUMBER_OBJECT_CONVERSION = YES_AGGRESSIVE;
				CLANG_CXX_LANGUAGE_STANDARD = "gnu++17";
				CLANG_ENABLE_MODULES = YES;
				CLANG_ENABLE_OBJC_ARC = YES;
				CLANG_ENABLE_OBJC_WEAK = YES;
				CLANG_WARN_BLOCK_CAPTURE_AUTORELEASING = YES;
				CLANG_WARN_BOOL_CONVERSION = YES;
				CLANG_WARN_COMMA = YES;
				CLANG_WARN_CONSTANT_CONVERSION = YES;
				CLANG_WARN_DEPRECATED_OBJC_IMPLEMENTATIONS = YES;
				CLANG_WARN_DIRECT_OBJC_ISA_USAGE = YES_ERROR;
				CLANG_WARN_DOCUMENTATION_COMMENTS = YES;
				CLANG_WARN_EMPTY_BODY = YES;
				CLANG_WARN_ENUM_CONVERSION = YES;
				CLANG_WARN_INFINITE_RECURSION = YES;
				CLANG_WARN_INT_CONVERSION = YES;
				CLANG_WARN_NON_LITERAL_NULL_CONVERSION = YES;
				CLANG_WARN_OBJC_IMPLICIT_RETAIN_SELF = YES;
				CLANG_WARN_OBJC_LITERAL_CONVERSION = YES;
				CLANG_WARN_OBJC_ROOT_CLASS = YES_ERROR;
				CLANG_WARN_QUOTED_INCLUDE_IN_FRAMEWORK_HEADER = YES;
				CLANG_WARN_RANGE_LOOP_ANALYSIS = YES;
				CLANG_WARN_STRICT_PROTOTYPES = YES;
				CLANG_WARN_SUSPICIOUS_MOVE = YES;
				CLANG_WARN_UNGUARDED_AVAILABILITY = YES_AGGRESSIVE;
				CLANG_WARN_UNREACHABLE_CODE = YES;
				CLANG_WARN__DUPLICATE_METHOD_MATCH = YES;
				COPY_PHASE_STRIP = NO;
				DEBUG_INFORMATION_FORMAT = "dwarf-with-dsym";
				ENABLE_NS_ASSERTIONS = NO;
				ENABLE_STRICT_OBJC_MSGSEND = YES;
				GCC_C_LANGUAGE_STANDARD = gnu11;
				GCC_NO_COMMON_BLOCKS = YES;
				GCC_WARN_64_TO_32_BIT_CONVERSION = YES;
				GCC_WARN_ABOUT_RETURN_TYPE = YES_ERROR;
				GCC_WARN_UNDECLARED_SELECTOR = YES;
				GCC_WARN_UNINITIALIZED_AUTOS = YES_AGGRESSIVE;
				GCC_WARN_UNUSED_FUNCTION = YES;
				GCC_WARN_UNUSED_VARIABLE = YES;
				MTL_ENABLE_DEBUG_INFO = NO;
				MTL_FAST_MATH = YES;
				SWIFT_COMPILATION_MODE = wholemodule;
				SWIFT_OPTIMIZATION_LEVEL = "-O";
			};
			name = Release;
		};
		600A081228FE202D00FE5C6B /* Debug */ = {
			isa = XCBuildConfiguration;
			buildSettings = {
				ASSETCATALOG_COMPILER_APPICON_NAME = AppIcon;
				ASSETCATALOG_COMPILER_GLOBAL_ACCENT_COLOR_NAME = AccentColor;
				CODE_SIGN_STYLE = Automatic;
				CURRENT_PROJECT_VERSION = 1;
				DEVELOPMENT_TEAM = 6ZDM5TRU65;
				ENABLE_PREVIEWS = YES;
				GENERATE_INFOPLIST_FILE = YES;
				INFOPLIST_FILE = "Anytime--iOS--Info.plist";
				INFOPLIST_KEY_NSCameraUsageDescription = "讀取聯絡人資料和頭像";
				INFOPLIST_KEY_NSContactsUsageDescription = "讀取已添加的聯絡人";
				INFOPLIST_KEY_UIApplicationSceneManifest_Generation = YES;
				INFOPLIST_KEY_UIApplicationSupportsIndirectInputEvents = YES;
				INFOPLIST_KEY_UILaunchScreen_Generation = YES;
				INFOPLIST_KEY_UISupportedInterfaceOrientations = UIInterfaceOrientationPortrait;
				IPHONEOS_DEPLOYMENT_TARGET = 15.5;
				LD_RUNPATH_SEARCH_PATHS = (
					"$(inherited)",
					"@executable_path/Frameworks",
				);
				MARKETING_VERSION = 1.0;
				PRODUCT_BUNDLE_IDENTIFIER = com.chiaofen.Anytime;
				PRODUCT_NAME = Anytime;
				SDKROOT = iphoneos;
				SWIFT_EMIT_LOC_STRINGS = YES;
				SWIFT_VERSION = 5.0;
				TARGETED_DEVICE_FAMILY = "1,2";
			};
			name = Debug;
		};
		600A081328FE202D00FE5C6B /* Release */ = {
			isa = XCBuildConfiguration;
			buildSettings = {
				ASSETCATALOG_COMPILER_APPICON_NAME = AppIcon;
				ASSETCATALOG_COMPILER_GLOBAL_ACCENT_COLOR_NAME = AccentColor;
				CODE_SIGN_STYLE = Automatic;
				CURRENT_PROJECT_VERSION = 1;
				DEVELOPMENT_TEAM = 6ZDM5TRU65;
				ENABLE_PREVIEWS = YES;
				GENERATE_INFOPLIST_FILE = YES;
				INFOPLIST_FILE = "Anytime--iOS--Info.plist";
				INFOPLIST_KEY_NSCameraUsageDescription = "讀取聯絡人資料和頭像";
				INFOPLIST_KEY_NSContactsUsageDescription = "讀取已添加的聯絡人";
				INFOPLIST_KEY_UIApplicationSceneManifest_Generation = YES;
				INFOPLIST_KEY_UIApplicationSupportsIndirectInputEvents = YES;
				INFOPLIST_KEY_UILaunchScreen_Generation = YES;
				INFOPLIST_KEY_UISupportedInterfaceOrientations = UIInterfaceOrientationPortrait;
				IPHONEOS_DEPLOYMENT_TARGET = 15.5;
				LD_RUNPATH_SEARCH_PATHS = (
					"$(inherited)",
					"@executable_path/Frameworks",
				);
				MARKETING_VERSION = 1.0;
				PRODUCT_BUNDLE_IDENTIFIER = com.chiaofen.Anytime;
				PRODUCT_NAME = Anytime;
				SDKROOT = iphoneos;
				SWIFT_EMIT_LOC_STRINGS = YES;
				SWIFT_VERSION = 5.0;
				TARGETED_DEVICE_FAMILY = "1,2";
				VALIDATE_PRODUCT = YES;
			};
			name = Release;
		};
		600A081528FE202D00FE5C6B /* Debug */ = {
			isa = XCBuildConfiguration;
			buildSettings = {
				ASSETCATALOG_COMPILER_APPICON_NAME = AppIcon;
				ASSETCATALOG_COMPILER_GLOBAL_ACCENT_COLOR_NAME = AccentColor;
				CODE_SIGN_ENTITLEMENTS = macOS/macOS.entitlements;
				CODE_SIGN_STYLE = Automatic;
				COMBINE_HIDPI_IMAGES = YES;
				CURRENT_PROJECT_VERSION = 1;
				DEVELOPMENT_TEAM = 6ZDM5TRU65;
				ENABLE_HARDENED_RUNTIME = YES;
				ENABLE_PREVIEWS = YES;
				GENERATE_INFOPLIST_FILE = YES;
				INFOPLIST_KEY_NSHumanReadableCopyright = "";
				LD_RUNPATH_SEARCH_PATHS = (
					"$(inherited)",
					"@executable_path/../Frameworks",
				);
				MACOSX_DEPLOYMENT_TARGET = 12.2;
				MARKETING_VERSION = 1.0;
				PRODUCT_BUNDLE_IDENTIFIER = com.chiaofen.Anytime;
				PRODUCT_NAME = Anytime;
				SDKROOT = macosx;
				SWIFT_EMIT_LOC_STRINGS = YES;
				SWIFT_VERSION = 5.0;
			};
			name = Debug;
		};
		600A081628FE202D00FE5C6B /* Release */ = {
			isa = XCBuildConfiguration;
			buildSettings = {
				ASSETCATALOG_COMPILER_APPICON_NAME = AppIcon;
				ASSETCATALOG_COMPILER_GLOBAL_ACCENT_COLOR_NAME = AccentColor;
				CODE_SIGN_ENTITLEMENTS = macOS/macOS.entitlements;
				CODE_SIGN_STYLE = Automatic;
				COMBINE_HIDPI_IMAGES = YES;
				CURRENT_PROJECT_VERSION = 1;
				DEVELOPMENT_TEAM = 6ZDM5TRU65;
				ENABLE_HARDENED_RUNTIME = YES;
				ENABLE_PREVIEWS = YES;
				GENERATE_INFOPLIST_FILE = YES;
				INFOPLIST_KEY_NSHumanReadableCopyright = "";
				LD_RUNPATH_SEARCH_PATHS = (
					"$(inherited)",
					"@executable_path/../Frameworks",
				);
				MACOSX_DEPLOYMENT_TARGET = 12.2;
				MARKETING_VERSION = 1.0;
				PRODUCT_BUNDLE_IDENTIFIER = com.chiaofen.Anytime;
				PRODUCT_NAME = Anytime;
				SDKROOT = macosx;
				SWIFT_EMIT_LOC_STRINGS = YES;
				SWIFT_VERSION = 5.0;
			};
			name = Release;
		};
/* End XCBuildConfiguration section */

/* Begin XCConfigurationList section */
		600A07F728FE202A00FE5C6B /* Build configuration list for PBXProject "Anytime" */ = {
			isa = XCConfigurationList;
			buildConfigurations = (
				600A080F28FE202D00FE5C6B /* Debug */,
				600A081028FE202D00FE5C6B /* Release */,
			);
			defaultConfigurationIsVisible = 0;
			defaultConfigurationName = Release;
		};
		600A081128FE202D00FE5C6B /* Build configuration list for PBXNativeTarget "Anytime (iOS)" */ = {
			isa = XCConfigurationList;
			buildConfigurations = (
				600A081228FE202D00FE5C6B /* Debug */,
				600A081328FE202D00FE5C6B /* Release */,
			);
			defaultConfigurationIsVisible = 0;
			defaultConfigurationName = Release;
		};
		600A081428FE202D00FE5C6B /* Build configuration list for PBXNativeTarget "Anytime (macOS)" */ = {
			isa = XCConfigurationList;
			buildConfigurations = (
				600A081528FE202D00FE5C6B /* Debug */,
				600A081628FE202D00FE5C6B /* Release */,
			);
			defaultConfigurationIsVisible = 0;
			defaultConfigurationName = Release;
		};
/* End XCConfigurationList section */

/* Begin XCRemoteSwiftPackageReference section */
		6095C9F92917129000F8C60A /* XCRemoteSwiftPackageReference "firebase-ios-sdk" */ = {
			isa = XCRemoteSwiftPackageReference;
			repositoryURL = "https://github.com/firebase/firebase-ios-sdk";
			requirement = {
				kind = upToNextMajorVersion;
				minimumVersion = 9.0.0;
			};
		};
/* End XCRemoteSwiftPackageReference section */

/* Begin XCSwiftPackageProductDependency section */
		6095C9FA2917129000F8C60A /* FirebaseAuth */ = {
			isa = XCSwiftPackageProductDependency;
			package = 6095C9F92917129000F8C60A /* XCRemoteSwiftPackageReference "firebase-ios-sdk" */;
			productName = FirebaseAuth;
		};
		6095C9FC2917129000F8C60A /* FirebaseFirestore */ = {
			isa = XCSwiftPackageProductDependency;
			package = 6095C9F92917129000F8C60A /* XCRemoteSwiftPackageReference "firebase-ios-sdk" */;
			productName = FirebaseFirestore;
		};
		6095C9FE2917129000F8C60A /* FirebaseStorage */ = {
			isa = XCSwiftPackageProductDependency;
			package = 6095C9F92917129000F8C60A /* XCRemoteSwiftPackageReference "firebase-ios-sdk" */;
			productName = FirebaseStorage;
		};
/* End XCSwiftPackageProductDependency section */
	};
	rootObject = 600A07F428FE202A00FE5C6B /* Project object */;
}
